
Microsoft Visual Studio Solution File, Format Version 12.00
# Visual Studio Version 16
VisualStudioVersion = 16.0.32602.291
MinimumVisualStudioVersion = 10.0.40219.1
Project("{9A19103F-16F7-4668-BE54-9A1E7A4F7556}") = "RDPConnectionReader", "RDPConnectionReader\RDPConnectionReader.csproj", "{B0775EC0-E34F-4CAC-AA02-C22BC89D45AF}"
EndProject
Project("{54435603-DBB4-11D2-8724-00A0C9A8B90C}") = "RDPConnectionReaderSetup", "RDPConnectionReaderSetup\RDPConnectionReaderSetup.vdproj", "{16D589B3-D696-49A4-88F4-2F3A2B79783C}"
EndProject
Global
	GlobalSection(SolutionConfigurationPlatforms) = preSolution
		Debug|Any CPU = Debug|Any CPU
		Release|Any CPU = Release|Any CPU
	EndGlobalSection
	GlobalSection(ProjectConfigurationPlatforms) = postSolution
		{B0775EC0-E34F-4CAC-AA02-C22BC89D45AF}.Debug|Any CPU.ActiveCfg = Release|Any CPU
		{B0775EC0-E34F-4CAC-AA02-C22BC89D45AF}.Debug|Any CPU.Build.0 = Release|Any CPU
		{B0775EC0-E34F-4CAC-AA02-C22BC89D45AF}.Release|Any CPU.ActiveCfg = Release|Any CPU
		{B0775EC0-E34F-4CAC-AA02-C22BC89D45AF}.Release|Any CPU.Build.0 = Release|Any CPU
		{16D589B3-D696-49A4-88F4-2F3A2B79783C}.Debug|Any CPU.ActiveCfg = Release
		{16D589B3-D696-49A4-88F4-2F3A2B79783C}.Release|Any CPU.ActiveCfg = Release
	EndGlobalSection
	GlobalSection(SolutionProperties) = preSolution
		HideSolutionNode = FALSE
	EndGlobalSection
	GlobalSection(ExtensibilityGlobals) = postSolution
		SolutionGuid = {2C6CEE96-244F-4D2B-B049-C521CA221919}
	EndGlobalSection
EndGlobal
